// !$*UTF8*$!
{
	archiveVersion = 1;
	classes = {
	};
	objectVersion = 48;
	objects = {

/* Begin PBXBuildFile section */
		2505A1D61FE8020800407BED /* DyAssetExportSession.swift in Sources */ = {isa = PBXBuildFile; fileRef = 2505A1D51FE8020800407BED /* DyAssetExportSession.swift */; };
		2505A1D81FE8025300407BED /* DyExportURL.swift in Sources */ = {isa = PBXBuildFile; fileRef = 2505A1D71FE8025300407BED /* DyExportURL.swift */; };
		2505A1DA1FE8040C00407BED /* DyFixOrientation.swift in Sources */ = {isa = PBXBuildFile; fileRef = 2505A1D91FE8040C00407BED /* DyFixOrientation.swift */; };
		2505A1DF1FE817A100407BED /* DyLayerToVideo.swift in Sources */ = {isa = PBXBuildFile; fileRef = 2505A1DE1FE817A000407BED /* DyLayerToVideo.swift */; };
		2505A1F11FE817D500407BED /* 01_nebula.mp4 in Resources */ = {isa = PBXBuildFile; fileRef = 2505A1E21FE817D500407BED /* 01_nebula.mp4 */; };
		2505A1F21FE817D500407BED /* 03_nebula.mp4 in Resources */ = {isa = PBXBuildFile; fileRef = 2505A1E31FE817D500407BED /* 03_nebula.mp4 */; };
		2505A1F31FE817D500407BED /* 04_quasar.mp4 in Resources */ = {isa = PBXBuildFile; fileRef = 2505A1E41FE817D500407BED /* 04_quasar.mp4 */; };
		2505A1F41FE817D500407BED /* star.png in Resources */ = {isa = PBXBuildFile; fileRef = 2505A1E51FE817D500407BED /* star.png */; };
		2505A1F51FE817D500407BED /* 02_blackhole.mp4 in Resources */ = {isa = PBXBuildFile; fileRef = 2505A1E61FE817D500407BED /* 02_blackhole.mp4 */; };
		2505A1F61FE817D500407BED /* 05_blackhole.mp4 in Resources */ = {isa = PBXBuildFile; fileRef = 2505A1E71FE817D500407BED /* 05_blackhole.mp4 */; };
		2505A1F81FE817D500407BED /* 02 Keep Going.m4a in Resources */ = {isa = PBXBuildFile; fileRef = 2505A1EB1FE817D500407BED /* 02 Keep Going.m4a */; };
		2505A1F91FE817D500407BED /* 01 Star Gazing.m4a in Resources */ = {isa = PBXBuildFile; fileRef = 2505A1EC1FE817D500407BED /* 01 Star Gazing.m4a */; };
		2505A1FA1FE817D500407BED /* John F. Kennedy.m4a in Resources */ = {isa = PBXBuildFile; fileRef = 2505A1EE1FE817D500407BED /* John F. Kennedy.m4a */; };
		2505A1FB1FE817D500407BED /* Carl Sagan.m4a in Resources */ = {isa = PBXBuildFile; fileRef = 2505A1EF1FE817D500407BED /* Carl Sagan.m4a */; };
		2505A1FC1FE817D500407BED /* Ronald Reagan.m4a in Resources */ = {isa = PBXBuildFile; fileRef = 2505A1F01FE817D500407BED /* Ronald Reagan.m4a */; };
		2505A2011FE8188300407BED /* DyAddBorderToVideo.m in Sources */ = {isa = PBXBuildFile; fileRef = 2505A2001FE8188300407BED /* DyAddBorderToVideo.m */; };
		2505A2041FE8191300407BED /* DyOverlayToVideo.m in Sources */ = {isa = PBXBuildFile; fileRef = 2505A2031FE8191300407BED /* DyOverlayToVideo.m */; };
		2505A20A1FE8E9F100407BED /* AVUtilities.swift in Sources */ = {isa = PBXBuildFile; fileRef = 2505A2071FE8E9F100407BED /* AVUtilities.swift */; };
		2505A20D1FE8EEFF00407BED /* DyReverseVideo.m in Sources */ = {isa = PBXBuildFile; fileRef = 2505A20C1FE8EEFF00407BED /* DyReverseVideo.m */; };
		2505A2121FE8FF8200407BED /* input.mov in Resources */ = {isa = PBXBuildFile; fileRef = 2505A2111FE8FF8200407BED /* input.mov */; };
		2505A2141FE8FFD200407BED /* DyReverseViewController.swift in Sources */ = {isa = PBXBuildFile; fileRef = 2505A2131FE8FFD200407BED /* DyReverseViewController.swift */; };
		2505A2161FE9022B00407BED /* DyTransitionViewController.swift in Sources */ = {isa = PBXBuildFile; fileRef = 2505A2151FE9022B00407BED /* DyTransitionViewController.swift */; };
		2505A2A51FEA1D3300407BED /* DySaveToAlbum.swift in Sources */ = {isa = PBXBuildFile; fileRef = 2505A2A41FEA1D3300407BED /* DySaveToAlbum.swift */; };
		2505A2A91FEA3F2A00407BED /* IMG_2262.MOV in Resources */ = {isa = PBXBuildFile; fileRef = 2505A2A81FEA3F2A00407BED /* IMG_2262.MOV */; };
		2505A2AC1FEA55AD00407BED /* DyPictureToVideo.swift in Sources */ = {isa = PBXBuildFile; fileRef = 2505A2AB1FEA55AD00407BED /* DyPictureToVideo.swift */; };
		2505A2C41FEA92BB00407BED /* DyStopMotion.m in Sources */ = {isa = PBXBuildFile; fileRef = 2505A2C31FEA92BB00407BED /* DyStopMotion.m */; };
		2505A2C71FEA95CD00407BED /* DyStopViewController.m in Sources */ = {isa = PBXBuildFile; fileRef = 2505A2C61FEA95CD00407BED /* DyStopViewController.m */; };
		2505A2CA1FEAA08C00407BED /* TransitionCompositionBuilder.swift in Sources */ = {isa = PBXBuildFile; fileRef = 2505A2C91FEAA08C00407BED /* TransitionCompositionBuilder.swift */; };
		2505A2D21FEB519A00407BED /* 1513822721.mp4 in Resources */ = {isa = PBXBuildFile; fileRef = 2505A2D11FEB519A00407BED /* 1513822721.mp4 */; };
		25092B731FEB5315009A4274 /* 1513823108.mp4 in Resources */ = {isa = PBXBuildFile; fileRef = 25092B721FEB5315009A4274 /* 1513823108.mp4 */; };
		25864E6F1FEBB7CB00DFBEDC /* DyVideoTransition.m in Sources */ = {isa = PBXBuildFile; fileRef = 25864E6E1FEBB7CB00DFBEDC /* DyVideoTransition.m */; };
		25DA65741FEBA15A002BD064 /* APLCompositionDebugView.m in Sources */ = {isa = PBXBuildFile; fileRef = 25DA65731FEBA159002BD064 /* APLCompositionDebugView.m */; };
		25DA65781FEBA4FC002BD064 /* 1.jpg in Resources */ = {isa = PBXBuildFile; fileRef = 25DA65751FEBA4FB002BD064 /* 1.jpg */; };
		25DA65791FEBA4FC002BD064 /* 2.jpg in Resources */ = {isa = PBXBuildFile; fileRef = 25DA65761FEBA4FC002BD064 /* 2.jpg */; };
		25DA657A1FEBA4FC002BD064 /* 3.jpg in Resources */ = {isa = PBXBuildFile; fileRef = 25DA65771FEBA4FC002BD064 /* 3.jpg */; };
		25E24FAC1FE65621003C4EFB /* DyAnimationViewController.m in Sources */ = {isa = PBXBuildFile; fileRef = 25E24FAB1FE65621003C4EFB /* DyAnimationViewController.m */; };
		25E24FB21FE76306003C4EFB /* DyMergeVideo.swift in Sources */ = {isa = PBXBuildFile; fileRef = 25E24FB11FE76306003C4EFB /* DyMergeVideo.swift */; };
		25E24FB71FE7677F003C4EFB /* DyGenerateThumbnails.m in Sources */ = {isa = PBXBuildFile; fileRef = 25E24FB61FE7677F003C4EFB /* DyGenerateThumbnails.m */; };
		25E24FBA1FE767CF003C4EFB /* DyReadAndWrite.m in Sources */ = {isa = PBXBuildFile; fileRef = 25E24FB91FE767CF003C4EFB /* DyReadAndWrite.m */; };
		962DF3C41FC058DD00B46309 /* AppDelegate.swift in Sources */ = {isa = PBXBuildFile; fileRef = 962DF3C31FC058DD00B46309 /* AppDelegate.swift */; };
		962DF3C61FC058DD00B46309 /* ViewController.swift in Sources */ = {isa = PBXBuildFile; fileRef = 962DF3C51FC058DD00B46309 /* ViewController.swift */; };
		962DF3C91FC058DD00B46309 /* Main.storyboard in Resources */ = {isa = PBXBuildFile; fileRef = 962DF3C71FC058DD00B46309 /* Main.storyboard */; };
		962DF3CB1FC058DD00B46309 /* Assets.xcassets in Resources */ = {isa = PBXBuildFile; fileRef = 962DF3CA1FC058DD00B46309 /* Assets.xcassets */; };
		962DF3CE1FC058DD00B46309 /* LaunchScreen.storyboard in Resources */ = {isa = PBXBuildFile; fileRef = 962DF3CC1FC058DD00B46309 /* LaunchScreen.storyboard */; };
/* End PBXBuildFile section */

/* Begin PBXFileReference section */
		2505A1D51FE8020800407BED /* DyAssetExportSession.swift */ = {isa = PBXFileReference; lastKnownFileType = sourcecode.swift; path = DyAssetExportSession.swift; sourceTree = "<group>"; };
		2505A1D71FE8025300407BED /* DyExportURL.swift */ = {isa = PBXFileReference; lastKnownFileType = sourcecode.swift; path = DyExportURL.swift; sourceTree = "<group>"; };
		2505A1D91FE8040C00407BED /* DyFixOrientation.swift */ = {isa = PBXFileReference; lastKnownFileType = sourcecode.swift; path = DyFixOrientation.swift; sourceTree = "<group>"; };
		2505A1DE1FE817A000407BED /* DyLayerToVideo.swift */ = {isa = PBXFileReference; fileEncoding = 4; lastKnownFileType = sourcecode.swift; path = DyLayerToVideo.swift; sourceTree = "<group>"; };
		2505A1E21FE817D500407BED /* 01_nebula.mp4 */ = {isa = PBXFileReference; lastKnownFileType = file; path = 01_nebula.mp4; sourceTree = "<group>"; };
		2505A1E31FE817D500407BED /* 03_nebula.mp4 */ = {isa = PBXFileReference; lastKnownFileType = file; path = 03_nebula.mp4; sourceTree = "<group>"; };
		2505A1E41FE817D500407BED /* 04_quasar.mp4 */ = {isa = PBXFileReference; lastKnownFileType = file; path = 04_quasar.mp4; sourceTree = "<group>"; };
		2505A1E51FE817D500407BED /* star.png */ = {isa = PBXFileReference; lastKnownFileType = image.png; path = star.png; sourceTree = "<group>"; };
		2505A1E61FE817D500407BED /* 02_blackhole.mp4 */ = {isa = PBXFileReference; lastKnownFileType = file; path = 02_blackhole.mp4; sourceTree = "<group>"; };
		2505A1E71FE817D500407BED /* 05_blackhole.mp4 */ = {isa = PBXFileReference; lastKnownFileType = file; path = 05_blackhole.mp4; sourceTree = "<group>"; };
		2505A1EB1FE817D500407BED /* 02 Keep Going.m4a */ = {isa = PBXFileReference; lastKnownFileType = file; path = "02 Keep Going.m4a"; sourceTree = "<group>"; };
		2505A1EC1FE817D500407BED /* 01 Star Gazing.m4a */ = {isa = PBXFileReference; lastKnownFileType = file; path = "01 Star Gazing.m4a"; sourceTree = "<group>"; };
		2505A1EE1FE817D500407BED /* John F. Kennedy.m4a */ = {isa = PBXFileReference; lastKnownFileType = file; path = "John F. Kennedy.m4a"; sourceTree = "<group>"; };
		2505A1EF1FE817D500407BED /* Carl Sagan.m4a */ = {isa = PBXFileReference; lastKnownFileType = file; path = "Carl Sagan.m4a"; sourceTree = "<group>"; };
		2505A1F01FE817D500407BED /* Ronald Reagan.m4a */ = {isa = PBXFileReference; lastKnownFileType = file; path = "Ronald Reagan.m4a"; sourceTree = "<group>"; };
		2505A1FF1FE8188300407BED /* DyAddBorderToVideo.h */ = {isa = PBXFileReference; lastKnownFileType = sourcecode.c.h; path = DyAddBorderToVideo.h; sourceTree = "<group>"; };
		2505A2001FE8188300407BED /* DyAddBorderToVideo.m */ = {isa = PBXFileReference; lastKnownFileType = sourcecode.c.objc; path = DyAddBorderToVideo.m; sourceTree = "<group>"; };
		2505A2021FE8191300407BED /* DyOverlayToVideo.h */ = {isa = PBXFileReference; lastKnownFileType = sourcecode.c.h; path = DyOverlayToVideo.h; sourceTree = "<group>"; };
		2505A2031FE8191300407BED /* DyOverlayToVideo.m */ = {isa = PBXFileReference; lastKnownFileType = sourcecode.c.objc; path = DyOverlayToVideo.m; sourceTree = "<group>"; };
		2505A2071FE8E9F100407BED /* AVUtilities.swift */ = {isa = PBXFileReference; fileEncoding = 4; lastKnownFileType = sourcecode.swift; path = AVUtilities.swift; sourceTree = "<group>"; };
		2505A20B1FE8EEFF00407BED /* DyReverseVideo.h */ = {isa = PBXFileReference; lastKnownFileType = sourcecode.c.h; path = DyReverseVideo.h; sourceTree = "<group>"; };
		2505A20C1FE8EEFF00407BED /* DyReverseVideo.m */ = {isa = PBXFileReference; lastKnownFileType = sourcecode.c.objc; path = DyReverseVideo.m; sourceTree = "<group>"; };
		2505A2111FE8FF8200407BED /* input.mov */ = {isa = PBXFileReference; lastKnownFileType = video.quicktime; path = input.mov; sourceTree = "<group>"; };
		2505A2131FE8FFD200407BED /* DyReverseViewController.swift */ = {isa = PBXFileReference; lastKnownFileType = sourcecode.swift; path = DyReverseViewController.swift; sourceTree = "<group>"; };
		2505A2151FE9022B00407BED /* DyTransitionViewController.swift */ = {isa = PBXFileReference; lastKnownFileType = sourcecode.swift; path = DyTransitionViewController.swift; sourceTree = "<group>"; };
		2505A2A41FEA1D3300407BED /* DySaveToAlbum.swift */ = {isa = PBXFileReference; lastKnownFileType = sourcecode.swift; path = DySaveToAlbum.swift; sourceTree = "<group>"; };
		2505A2A81FEA3F2A00407BED /* IMG_2262.MOV */ = {isa = PBXFileReference; lastKnownFileType = video.quicktime; path = IMG_2262.MOV; sourceTree = "<group>"; };
		2505A2AB1FEA55AD00407BED /* DyPictureToVideo.swift */ = {isa = PBXFileReference; lastKnownFileType = sourcecode.swift; path = DyPictureToVideo.swift; sourceTree = "<group>"; };
		2505A2C21FEA92BB00407BED /* DyStopMotion.h */ = {isa = PBXFileReference; lastKnownFileType = sourcecode.c.h; path = DyStopMotion.h; sourceTree = "<group>"; };
		2505A2C31FEA92BB00407BED /* DyStopMotion.m */ = {isa = PBXFileReference; lastKnownFileType = sourcecode.c.objc; path = DyStopMotion.m; sourceTree = "<group>"; };
		2505A2C51FEA95CD00407BED /* DyStopViewController.h */ = {isa = PBXFileReference; lastKnownFileType = sourcecode.c.h; path = DyStopViewController.h; sourceTree = "<group>"; };
		2505A2C61FEA95CD00407BED /* DyStopViewController.m */ = {isa = PBXFileReference; lastKnownFileType = sourcecode.c.objc; path = DyStopViewController.m; sourceTree = "<group>"; };
		2505A2C91FEAA08C00407BED /* TransitionCompositionBuilder.swift */ = {isa = PBXFileReference; fileEncoding = 4; lastKnownFileType = sourcecode.swift; path = TransitionCompositionBuilder.swift; sourceTree = "<group>"; };
		2505A2D11FEB519A00407BED /* 1513822721.mp4 */ = {isa = PBXFileReference; lastKnownFileType = file; path = 1513822721.mp4; sourceTree = "<group>"; };
		25092B721FEB5315009A4274 /* 1513823108.mp4 */ = {isa = PBXFileReference; lastKnownFileType = file; path = 1513823108.mp4; sourceTree = "<group>"; };
		25864E6D1FEBB7CB00DFBEDC /* DyVideoTransition.h */ = {isa = PBXFileReference; lastKnownFileType = sourcecode.c.h; path = DyVideoTransition.h; sourceTree = "<group>"; };
		25864E6E1FEBB7CB00DFBEDC /* DyVideoTransition.m */ = {isa = PBXFileReference; lastKnownFileType = sourcecode.c.objc; path = DyVideoTransition.m; sourceTree = "<group>"; };
		25C173CF1FDE8C6A00A64622 /* Dolby-Bridging-Header.h */ = {isa = PBXFileReference; lastKnownFileType = sourcecode.c.h; path = "Dolby-Bridging-Header.h"; sourceTree = "<group>"; };
		25DA65721FEBA159002BD064 /* APLCompositionDebugView.h */ = {isa = PBXFileReference; fileEncoding = 4; lastKnownFileType = sourcecode.c.h; path = APLCompositionDebugView.h; sourceTree = "<group>"; };
		25DA65731FEBA159002BD064 /* APLCompositionDebugView.m */ = {isa = PBXFileReference; fileEncoding = 4; lastKnownFileType = sourcecode.c.objc; path = APLCompositionDebugView.m; sourceTree = "<group>"; };
		25DA65751FEBA4FB002BD064 /* 1.jpg */ = {isa = PBXFileReference; lastKnownFileType = image.jpeg; path = 1.jpg; sourceTree = "<group>"; };
		25DA65761FEBA4FC002BD064 /* 2.jpg */ = {isa = PBXFileReference; lastKnownFileType = image.jpeg; path = 2.jpg; sourceTree = "<group>"; };
		25DA65771FEBA4FC002BD064 /* 3.jpg */ = {isa = PBXFileReference; lastKnownFileType = image.jpeg; path = 3.jpg; sourceTree = "<group>"; };
		25E24FAA1FE65621003C4EFB /* DyAnimationViewController.h */ = {isa = PBXFileReference; lastKnownFileType = sourcecode.c.h; path = DyAnimationViewController.h; sourceTree = "<group>"; };
		25E24FAB1FE65621003C4EFB /* DyAnimationViewController.m */ = {isa = PBXFileReference; lastKnownFileType = sourcecode.c.objc; path = DyAnimationViewController.m; sourceTree = "<group>"; };
		25E24FB11FE76306003C4EFB /* DyMergeVideo.swift */ = {isa = PBXFileReference; lastKnownFileType = sourcecode.swift; path = DyMergeVideo.swift; sourceTree = "<group>"; };
		25E24FB51FE7677F003C4EFB /* DyGenerateThumbnails.h */ = {isa = PBXFileReference; lastKnownFileType = sourcecode.c.h; path = DyGenerateThumbnails.h; sourceTree = "<group>"; };
		25E24FB61FE7677F003C4EFB /* DyGenerateThumbnails.m */ = {isa = PBXFileReference; lastKnownFileType = sourcecode.c.objc; path = DyGenerateThumbnails.m; sourceTree = "<group>"; };
		25E24FB81FE767CF003C4EFB /* DyReadAndWrite.h */ = {isa = PBXFileReference; lastKnownFileType = sourcecode.c.h; path = DyReadAndWrite.h; sourceTree = "<group>"; };
		25E24FB91FE767CF003C4EFB /* DyReadAndWrite.m */ = {isa = PBXFileReference; lastKnownFileType = sourcecode.c.objc; path = DyReadAndWrite.m; sourceTree = "<group>"; };
		962DF3C01FC058DD00B46309 /* Dolby.app */ = {isa = PBXFileReference; explicitFileType = wrapper.application; includeInIndex = 0; path = Dolby.app; sourceTree = BUILT_PRODUCTS_DIR; };
		962DF3C31FC058DD00B46309 /* AppDelegate.swift */ = {isa = PBXFileReference; lastKnownFileType = sourcecode.swift; path = AppDelegate.swift; sourceTree = "<group>"; };
		962DF3C51FC058DD00B46309 /* ViewController.swift */ = {isa = PBXFileReference; lastKnownFileType = sourcecode.swift; path = ViewController.swift; sourceTree = "<group>"; };
		962DF3C81FC058DD00B46309 /* Base */ = {isa = PBXFileReference; lastKnownFileType = file.storyboard; name = Base; path = Base.lproj/Main.storyboard; sourceTree = "<group>"; };
		962DF3CA1FC058DD00B46309 /* Assets.xcassets */ = {isa = PBXFileReference; lastKnownFileType = folder.assetcatalog; path = Assets.xcassets; sourceTree = "<group>"; };
		962DF3CD1FC058DD00B46309 /* Base */ = {isa = PBXFileReference; lastKnownFileType = file.storyboard; name = Base; path = Base.lproj/LaunchScreen.storyboard; sourceTree = "<group>"; };
		962DF3CF1FC058DD00B46309 /* Info.plist */ = {isa = PBXFileReference; lastKnownFileType = text.plist.xml; path = Info.plist; sourceTree = "<group>"; };
/* End PBXFileReference section */

/* Begin PBXFrameworksBuildPhase section */
		962DF3BD1FC058DC00B46309 /* Frameworks */ = {
			isa = PBXFrameworksBuildPhase;
			buildActionMask = 2147483647;
			files = (
			);
			runOnlyForDeploymentPostprocessing = 0;
		};
/* End PBXFrameworksBuildPhase section */

/* Begin PBXGroup section */
		2505A1DD1FE817A000407BED /* LayerToVideo */ = {
			isa = PBXGroup;
			children = (
				2505A1DE1FE817A000407BED /* DyLayerToVideo.swift */,
				2505A1FF1FE8188300407BED /* DyAddBorderToVideo.h */,
				2505A2001FE8188300407BED /* DyAddBorderToVideo.m */,
				2505A2021FE8191300407BED /* DyOverlayToVideo.h */,
				2505A2031FE8191300407BED /* DyOverlayToVideo.m */,
			);
			path = LayerToVideo;
			sourceTree = "<group>";
		};
		2505A1E01FE817D500407BED /* VideoResource */ = {
			isa = PBXGroup;
			children = (
				25DA65751FEBA4FB002BD064 /* 1.jpg */,
				25DA65761FEBA4FC002BD064 /* 2.jpg */,
				25DA65771FEBA4FC002BD064 /* 3.jpg */,
				2505A1E11FE817D500407BED /* Video */,
				2505A1E91FE817D500407BED /* Audio */,
			);
			path = VideoResource;
			sourceTree = "<group>";
		};
		2505A1E11FE817D500407BED /* Video */ = {
			isa = PBXGroup;
			children = (
				2505A2D11FEB519A00407BED /* 1513822721.mp4 */,
				25092B721FEB5315009A4274 /* 1513823108.mp4 */,
				2505A1E21FE817D500407BED /* 01_nebula.mp4 */,
				2505A1E31FE817D500407BED /* 03_nebula.mp4 */,
				2505A1E41FE817D500407BED /* 04_quasar.mp4 */,
				2505A1E51FE817D500407BED /* star.png */,
				2505A1E61FE817D500407BED /* 02_blackhole.mp4 */,
				2505A1E71FE817D500407BED /* 05_blackhole.mp4 */,
			);
			path = Video;
			sourceTree = "<group>";
		};
		2505A1E91FE817D500407BED /* Audio */ = {
			isa = PBXGroup;
			children = (
				2505A1EA1FE817D500407BED /* Music */,
				2505A1ED1FE817D500407BED /* VoiceOvers */,
			);
			path = Audio;
			sourceTree = "<group>";
		};
		2505A1EA1FE817D500407BED /* Music */ = {
			isa = PBXGroup;
			children = (
				2505A1EB1FE817D500407BED /* 02 Keep Going.m4a */,
				2505A1EC1FE817D500407BED /* 01 Star Gazing.m4a */,
			);
			path = Music;
			sourceTree = "<group>";
		};
		2505A1ED1FE817D500407BED /* VoiceOvers */ = {
			isa = PBXGroup;
			children = (
				2505A1EE1FE817D500407BED /* John F. Kennedy.m4a */,
				2505A1EF1FE817D500407BED /* Carl Sagan.m4a */,
				2505A1F01FE817D500407BED /* Ronald Reagan.m4a */,
			);
			path = VoiceOvers;
			sourceTree = "<group>";
		};
		2505A2051FE8E9F100407BED /* ReverseVideo */ = {
			isa = PBXGroup;
			children = (
				2505A2071FE8E9F100407BED /* AVUtilities.swift */,
				2505A20B1FE8EEFF00407BED /* DyReverseVideo.h */,
				2505A20C1FE8EEFF00407BED /* DyReverseVideo.m */,
				2505A2A81FEA3F2A00407BED /* IMG_2262.MOV */,
				2505A2111FE8FF8200407BED /* input.mov */,
			);
			path = ReverseVideo;
			sourceTree = "<group>";
		};
		2505A2AA1FEA405C00407BED /* PicsConvertVideo */ = {
			isa = PBXGroup;
			children = (
				2505A2AB1FEA55AD00407BED /* DyPictureToVideo.swift */,
				2505A2C21FEA92BB00407BED /* DyStopMotion.h */,
				2505A2C31FEA92BB00407BED /* DyStopMotion.m */,
			);
			path = PicsConvertVideo;
			sourceTree = "<group>";
		};
		2505A2C81FEAA06D00407BED /* Transition */ = {
			isa = PBXGroup;
			children = (
				2505A2C91FEAA08C00407BED /* TransitionCompositionBuilder.swift */,
				25864E6D1FEBB7CB00DFBEDC /* DyVideoTransition.h */,
				25864E6E1FEBB7CB00DFBEDC /* DyVideoTransition.m */,
			);
			path = Transition;
			sourceTree = "<group>";
		};
		25C173CC1FDE8B5900A64622 /* EditorTool */ = {
			isa = PBXGroup;
			children = (
				25E24FB51FE7677F003C4EFB /* DyGenerateThumbnails.h */,
				25E24FB61FE7677F003C4EFB /* DyGenerateThumbnails.m */,
				25E24FB11FE76306003C4EFB /* DyMergeVideo.swift */,
				25E24FB81FE767CF003C4EFB /* DyReadAndWrite.h */,
				25E24FB91FE767CF003C4EFB /* DyReadAndWrite.m */,
				2505A1D51FE8020800407BED /* DyAssetExportSession.swift */,
				2505A1D71FE8025300407BED /* DyExportURL.swift */,
				2505A1D91FE8040C00407BED /* DyFixOrientation.swift */,
				2505A2A41FEA1D3300407BED /* DySaveToAlbum.swift */,
			);
			path = EditorTool;
			sourceTree = "<group>";
		};
		25DA65711FEBA159002BD064 /* Debug */ = {
			isa = PBXGroup;
			children = (
				25DA65721FEBA159002BD064 /* APLCompositionDebugView.h */,
				25DA65731FEBA159002BD064 /* APLCompositionDebugView.m */,
			);
			path = Debug;
			sourceTree = "<group>";
		};
		962DF3B71FC058DC00B46309 = {
			isa = PBXGroup;
			children = (
				962DF3C21FC058DD00B46309 /* Dolby */,
				962DF3C11FC058DD00B46309 /* Products */,
			);
			sourceTree = "<group>";
		};
		962DF3C11FC058DD00B46309 /* Products */ = {
			isa = PBXGroup;
			children = (
				962DF3C01FC058DD00B46309 /* Dolby.app */,
			);
			name = Products;
			sourceTree = "<group>";
		};
		962DF3C21FC058DD00B46309 /* Dolby */ = {
			isa = PBXGroup;
			children = (
				25DA65711FEBA159002BD064 /* Debug */,
				2505A2C81FEAA06D00407BED /* Transition */,
				2505A2AA1FEA405C00407BED /* PicsConvertVideo */,
				2505A2051FE8E9F100407BED /* ReverseVideo */,
				2505A1E01FE817D500407BED /* VideoResource */,
				2505A1DD1FE817A000407BED /* LayerToVideo */,
				25C173CC1FDE8B5900A64622 /* EditorTool */,
				962DF3C31FC058DD00B46309 /* AppDelegate.swift */,
				962DF3C51FC058DD00B46309 /* ViewController.swift */,
				2505A2151FE9022B00407BED /* DyTransitionViewController.swift */,
				25E24FAA1FE65621003C4EFB /* DyAnimationViewController.h */,
				25E24FAB1FE65621003C4EFB /* DyAnimationViewController.m */,
				2505A2131FE8FFD200407BED /* DyReverseViewController.swift */,
				2505A2C51FEA95CD00407BED /* DyStopViewController.h */,
				2505A2C61FEA95CD00407BED /* DyStopViewController.m */,
				25C173CF1FDE8C6A00A64622 /* Dolby-Bridging-Header.h */,
				962DF3C71FC058DD00B46309 /* Main.storyboard */,
				962DF3CA1FC058DD00B46309 /* Assets.xcassets */,
				962DF3CC1FC058DD00B46309 /* LaunchScreen.storyboard */,
				962DF3CF1FC058DD00B46309 /* Info.plist */,
			);
			path = Dolby;
			sourceTree = "<group>";
		};
/* End PBXGroup section */

/* Begin PBXNativeTarget section */
		962DF3BF1FC058DC00B46309 /* Dolby */ = {
			isa = PBXNativeTarget;
			buildConfigurationList = 962DF3D21FC058DD00B46309 /* Build configuration list for PBXNativeTarget "Dolby" */;
			buildPhases = (
				962DF3BC1FC058DC00B46309 /* Sources */,
				962DF3BD1FC058DC00B46309 /* Frameworks */,
				962DF3BE1FC058DC00B46309 /* Resources */,
			);
			buildRules = (
			);
			dependencies = (
			);
			name = Dolby;
			productName = Dolby;
			productReference = 962DF3C01FC058DD00B46309 /* Dolby.app */;
			productType = "com.apple.product-type.application";
		};
/* End PBXNativeTarget section */

/* Begin PBXProject section */
		962DF3B81FC058DC00B46309 /* Project object */ = {
			isa = PBXProject;
			attributes = {
				CLASSPREFIX = Dy;
				LastSwiftUpdateCheck = 0910;
				LastUpgradeCheck = 0910;
				ORGANIZATIONNAME = "王腾飞";
				TargetAttributes = {
					962DF3BF1FC058DC00B46309 = {
						CreatedOnToolsVersion = 9.1;
						LastSwiftMigration = 0920;
						ProvisioningStyle = Automatic;
					};
				};
			};
			buildConfigurationList = 962DF3BB1FC058DC00B46309 /* Build configuration list for PBXProject "Dolby" */;
			compatibilityVersion = "Xcode 8.0";
			developmentRegion = en;
			hasScannedForEncodings = 0;
			knownRegions = (
				en,
				Base,
			);
			mainGroup = 962DF3B71FC058DC00B46309;
			productRefGroup = 962DF3C11FC058DD00B46309 /* Products */;
			projectDirPath = "";
			projectRoot = "";
			targets = (
				962DF3BF1FC058DC00B46309 /* Dolby */,
			);
		};
/* End PBXProject section */

/* Begin PBXResourcesBuildPhase section */
		962DF3BE1FC058DC00B46309 /* Resources */ = {
			isa = PBXResourcesBuildPhase;
			buildActionMask = 2147483647;
			files = (
				2505A1FB1FE817D500407BED /* Carl Sagan.m4a in Resources */,
				25DA65781FEBA4FC002BD064 /* 1.jpg in Resources */,
				25DA65791FEBA4FC002BD064 /* 2.jpg in Resources */,
				25092B731FEB5315009A4274 /* 1513823108.mp4 in Resources */,
				962DF3CE1FC058DD00B46309 /* LaunchScreen.storyboard in Resources */,
				2505A1FC1FE817D500407BED /* Ronald Reagan.m4a in Resources */,
				2505A2A91FEA3F2A00407BED /* IMG_2262.MOV in Resources */,
				2505A1F21FE817D500407BED /* 03_nebula.mp4 in Resources */,
				962DF3CB1FC058DD00B46309 /* Assets.xcassets in Resources */,
				962DF3C91FC058DD00B46309 /* Main.storyboard in Resources */,
				2505A1FA1FE817D500407BED /* John F. Kennedy.m4a in Resources */,
				2505A1F41FE817D500407BED /* star.png in Resources */,
				25DA657A1FEBA4FC002BD064 /* 3.jpg in Resources */,
				2505A1F91FE817D500407BED /* 01 Star Gazing.m4a in Resources */,
				2505A2121FE8FF8200407BED /* input.mov in Resources */,
				2505A2D21FEB519A00407BED /* 1513822721.mp4 in Resources */,
				2505A1F51FE817D500407BED /* 02_blackhole.mp4 in Resources */,
				2505A1F31FE817D500407BED /* 04_quasar.mp4 in Resources */,
				2505A1F11FE817D500407BED /* 01_nebula.mp4 in Resources */,
				2505A1F61FE817D500407BED /* 05_blackhole.mp4 in Resources */,
				2505A1F81FE817D500407BED /* 02 Keep Going.m4a in Resources */,
			);
			runOnlyForDeploymentPostprocessing = 0;
		};
/* End PBXResourcesBuildPhase section */

/* Begin PBXSourcesBuildPhase section */
		962DF3BC1FC058DC00B46309 /* Sources */ = {
			isa = PBXSourcesBuildPhase;
			buildActionMask = 2147483647;
			files = (
				2505A2141FE8FFD200407BED /* DyReverseViewController.swift in Sources */,
				2505A2041FE8191300407BED /* DyOverlayToVideo.m in Sources */,
				2505A2A51FEA1D3300407BED /* DySaveToAlbum.swift in Sources */,
				2505A2CA1FEAA08C00407BED /* TransitionCompositionBuilder.swift in Sources */,
				2505A1D61FE8020800407BED /* DyAssetExportSession.swift in Sources */,
				25864E6F1FEBB7CB00DFBEDC /* DyVideoTransition.m in Sources */,
				2505A2C41FEA92BB00407BED /* DyStopMotion.m in Sources */,
				25E24FB71FE7677F003C4EFB /* DyGenerateThumbnails.m in Sources */,
				25E24FBA1FE767CF003C4EFB /* DyReadAndWrite.m in Sources */,
				2505A20A1FE8E9F100407BED /* AVUtilities.swift in Sources */,
				2505A2C71FEA95CD00407BED /* DyStopViewController.m in Sources */,
				962DF3C61FC058DD00B46309 /* ViewController.swift in Sources */,
				25E24FB21FE76306003C4EFB /* DyMergeVideo.swift in Sources */,
				2505A2011FE8188300407BED /* DyAddBorderToVideo.m in Sources */,
				2505A2AC1FEA55AD00407BED /* DyPictureToVideo.swift in Sources */,
				962DF3C41FC058DD00B46309 /* AppDelegate.swift in Sources */,
				25E24FAC1FE65621003C4EFB /* DyAnimationViewController.m in Sources */,
				25DA65741FEBA15A002BD064 /* APLCompositionDebugView.m in Sources */,
				2505A20D1FE8EEFF00407BED /* DyReverseVideo.m in Sources */,
				2505A2161FE9022B00407BED /* DyTransitionViewController.swift in Sources */,
				2505A1DF1FE817A100407BED /* DyLayerToVideo.swift in Sources */,
				2505A1DA1FE8040C00407BED /* DyFixOrientation.swift in Sources */,
				2505A1D81FE8025300407BED /* DyExportURL.swift in Sources */,
			);
			runOnlyForDeploymentPostprocessing = 0;
		};
/* End PBXSourcesBuildPhase section */

/* Begin PBXVariantGroup section */
		962DF3C71FC058DD00B46309 /* Main.storyboard */ = {
			isa = PBXVariantGroup;
			children = (
				962DF3C81FC058DD00B46309 /* Base */,
			);
			name = Main.storyboard;
			sourceTree = "<group>";
		};
		962DF3CC1FC058DD00B46309 /* LaunchScreen.storyboard */ = {
			isa = PBXVariantGroup;
			children = (
				962DF3CD1FC058DD00B46309 /* Base */,
			);
			name = LaunchScreen.storyboard;
			sourceTree = "<group>";
		};
/* End PBXVariantGroup section */

/* Begin XCBuildConfiguration section */
		962DF3D01FC058DD00B46309 /* Debug */ = {
			isa = XCBuildConfiguration;
			buildSettings = {
				ALWAYS_SEARCH_USER_PATHS = NO;
				CLANG_ANALYZER_NONNULL = YES;
				CLANG_ANALYZER_NUMBER_OBJECT_CONVERSION = YES_AGGRESSIVE;
				CLANG_CXX_LANGUAGE_STANDARD = "gnu++14";
				CLANG_CXX_LIBRARY = "libc++";
				CLANG_ENABLE_MODULES = YES;
				CLANG_ENABLE_OBJC_ARC = YES;
				CLANG_WARN_BLOCK_CAPTURE_AUTORELEASING = YES;
				CLANG_WARN_BOOL_CONVERSION = YES;
				CLANG_WARN_COMMA = YES;
				CLANG_WARN_CONSTANT_CONVERSION = YES;
				CLANG_WARN_DIRECT_OBJC_ISA_USAGE = YES_ERROR;
				CLANG_WARN_DOCUMENTATION_COMMENTS = YES;
				CLANG_WARN_EMPTY_BODY = YES;
				CLANG_WARN_ENUM_CONVERSION = YES;
				CLANG_WARN_INFINITE_RECURSION = YES;
				CLANG_WARN_INT_CONVERSION = YES;
				CLANG_WARN_NON_LITERAL_NULL_CONVERSION = YES;
				CLANG_WARN_OBJC_LITERAL_CONVERSION = YES;
				CLANG_WARN_OBJC_ROOT_CLASS = YES_ERROR;
				CLANG_WARN_RANGE_LOOP_ANALYSIS = YES;
				CLANG_WARN_STRICT_PROTOTYPES = YES;
				CLANG_WARN_SUSPICIOUS_MOVE = YES;
				CLANG_WARN_UNGUARDED_AVAILABILITY = YES_AGGRESSIVE;
				CLANG_WARN_UNREACHABLE_CODE = YES;
				CLANG_WARN__DUPLICATE_METHOD_MATCH = YES;
				CODE_SIGN_IDENTITY = "iPhone Developer";
				COPY_PHASE_STRIP = NO;
				DEBUG_INFORMATION_FORMAT = dwarf;
				ENABLE_STRICT_OBJC_MSGSEND = YES;
				ENABLE_TESTABILITY = YES;
				GCC_C_LANGUAGE_STANDARD = gnu11;
				GCC_DYNAMIC_NO_PIC = NO;
				GCC_NO_COMMON_BLOCKS = YES;
				GCC_OPTIMIZATION_LEVEL = 0;
				GCC_PREPROCESSOR_DEFINITIONS = (
					"DEBUG=1",
					"$(inherited)",
				);
				GCC_WARN_64_TO_32_BIT_CONVERSION = YES;
				GCC_WARN_ABOUT_RETURN_TYPE = YES_ERROR;
				GCC_WARN_UNDECLARED_SELECTOR = YES;
				GCC_WARN_UNINITIALIZED_AUTOS = YES_AGGRESSIVE;
				GCC_WARN_UNUSED_FUNCTION = YES;
				GCC_WARN_UNUSED_VARIABLE = YES;
				IPHONEOS_DEPLOYMENT_TARGET = 11.1;
				MTL_ENABLE_DEBUG_INFO = YES;
				ONLY_ACTIVE_ARCH = YES;
				SDKROOT = iphoneos;
				SWIFT_ACTIVE_COMPILATION_CONDITIONS = DEBUG;
				SWIFT_OPTIMIZATION_LEVEL = "-Onone";
			};
			name = Debug;
		};
		962DF3D11FC058DD00B46309 /* Release */ = {
			isa = XCBuildConfiguration;
			buildSettings = {
				ALWAYS_SEARCH_USER_PATHS = NO;
				CLANG_ANALYZER_NONNULL = YES;
				CLANG_ANALYZER_NUMBER_OBJECT_CONVERSION = YES_AGGRESSIVE;
				CLANG_CXX_LANGUAGE_STANDARD = "gnu++14";
				CLANG_CXX_LIBRARY = "libc++";
				CLANG_ENABLE_MODULES = YES;
				CLANG_ENABLE_OBJC_ARC = YES;
				CLANG_WARN_BLOCK_CAPTURE_AUTORELEASING = YES;
				CLANG_WARN_BOOL_CONVERSION = YES;
				CLANG_WARN_COMMA = YES;
				CLANG_WARN_CONSTANT_CONVERSION = YES;
				CLANG_WARN_DIRECT_OBJC_ISA_USAGE = YES_ERROR;
				CLANG_WARN_DOCUMENTATION_COMMENTS = YES;
				CLANG_WARN_EMPTY_BODY = YES;
				CLANG_WARN_ENUM_CONVERSION = YES;
				CLANG_WARN_INFINITE_RECURSION = YES;
				CLANG_WARN_INT_CONVERSION = YES;
				CLANG_WARN_NON_LITERAL_NULL_CONVERSION = YES;
				CLANG_WARN_OBJC_LITERAL_CONVERSION = YES;
				CLANG_WARN_OBJC_ROOT_CLASS = YES_ERROR;
				CLANG_WARN_RANGE_LOOP_ANALYSIS = YES;
				CLANG_WARN_STRICT_PROTOTYPES = YES;
				CLANG_WARN_SUSPICIOUS_MOVE = YES;
				CLANG_WARN_UNGUARDED_AVAILABILITY = YES_AGGRESSIVE;
				CLANG_WARN_UNREACHABLE_CODE = YES;
				CLANG_WARN__DUPLICATE_METHOD_MATCH = YES;
				CODE_SIGN_IDENTITY = "iPhone Developer";
				COPY_PHASE_STRIP = NO;
				DEBUG_INFORMATION_FORMAT = "dwarf-with-dsym";
				ENABLE_NS_ASSERTIONS = NO;
				ENABLE_STRICT_OBJC_MSGSEND = YES;
				GCC_C_LANGUAGE_STANDARD = gnu11;
				GCC_NO_COMMON_BLOCKS = YES;
				GCC_WARN_64_TO_32_BIT_CONVERSION = YES;
				GCC_WARN_ABOUT_RETURN_TYPE = YES_ERROR;
				GCC_WARN_UNDECLARED_SELECTOR = YES;
				GCC_WARN_UNINITIALIZED_AUTOS = YES_AGGRESSIVE;
				GCC_WARN_UNUSED_FUNCTION = YES;
				GCC_WARN_UNUSED_VARIABLE = YES;
				IPHONEOS_DEPLOYMENT_TARGET = 11.1;
				MTL_ENABLE_DEBUG_INFO = NO;
				SDKROOT = iphoneos;
				SWIFT_OPTIMIZATION_LEVEL = "-Owholemodule";
				VALIDATE_PRODUCT = YES;
			};
			name = Release;
		};
		962DF3D31FC058DD00B46309 /* Debug */ = {
			isa = XCBuildConfiguration;
			buildSettings = {
				ASSETCATALOG_COMPILER_APPICON_NAME = AppIcon;
				CLANG_ENABLE_MODULES = YES;
				CODE_SIGN_STYLE = Automatic;
				DEVELOPMENT_TEAM = 755C599725;
				INFOPLIST_FILE = Dolby/Info.plist;
				IPHONEOS_DEPLOYMENT_TARGET = 8.0;
				LD_RUNPATH_SEARCH_PATHS = "$(inherited) @executable_path/Frameworks";
				PRODUCT_BUNDLE_IDENTIFIER = com.uubee.sirbaylor;
				PRODUCT_NAME = "$(TARGET_NAME)";
				SWIFT_OBJC_BRIDGING_HEADER = "Dolby/Dolby-Bridging-Header.h";
				SWIFT_OPTIMIZATION_LEVEL = "-Onone";
				SWIFT_VERSION = 4.0;
				TARGETED_DEVICE_FAMILY = "1,2";
			};
			name = Debug;
		};
		962DF3D41FC058DD00B46309 /* Release */ = {
			isa = XCBuildConfiguration;
			buildSettings = {
				ASSETCATALOG_COMPILER_APPICON_NAME = AppIcon;
				CLANG_ENABLE_MODULES = YES;
				CODE_SIGN_STYLE = Automatic;
				DEVELOPMENT_TEAM = 755C599725;
				INFOPLIST_FILE = Dolby/Info.plist;
				IPHONEOS_DEPLOYMENT_TARGET = 8.0;
				LD_RUNPATH_SEARCH_PATHS = "$(inherited) @executable_path/Frameworks";
				PRODUCT_BUNDLE_IDENTIFIER = com.uubee.sirbaylor;
				PRODUCT_NAME = "$(TARGET_NAME)";
				SWIFT_OBJC_BRIDGING_HEADER = "Dolby/Dolby-Bridging-Header.h";
				SWIFT_VERSION = 4.0;
				TARGETED_DEVICE_FAMILY = "1,2";
			};
			name = Release;
		};
/* End XCBuildConfiguration section */

/* Begin XCConfigurationList section */
		962DF3BB1FC058DC00B46309 /* Build configuration list for PBXProject "Dolby" */ = {
			isa = XCConfigurationList;
			buildConfigurations = (
				962DF3D01FC058DD00B46309 /* Debug */,
				962DF3D11FC058DD00B46309 /* Release */,
			);
			defaultConfigurationIsVisible = 0;
			defaultConfigurationName = Release;
		};
		962DF3D21FC058DD00B46309 /* Build configuration list for PBXNativeTarget "Dolby" */ = {
			isa = XCConfigurationList;
			buildConfigurations = (
				962DF3D31FC058DD00B46309 /* Debug */,
				962DF3D41FC058DD00B46309 /* Release */,
			);
			defaultConfigurationIsVisible = 0;
			defaultConfigurationName = Release;
		};
/* End XCConfigurationList section */
	};
	rootObject = 962DF3B81FC058DC00B46309 /* Project object */;
}
