// !$*UTF8*$!
{
	archiveVersion = 1;
	classes = {
	};
	objectVersion = 48;
	objects = {

/* Begin PBXBuildFile section */
		2501044D1FDE9E1A0028A985 /* DyAnimation.m in Sources */ = {isa = PBXBuildFile; fileRef = 2501044C1FDE9E1A0028A985 /* DyAnimation.m */; };
		25C173CE1FDE8C1000A64622 /* DyGenerateImage.swift in Sources */ = {isa = PBXBuildFile; fileRef = 25C173CD1FDE8C1000A64622 /* DyGenerateImage.swift */; };
		25C173D21FDE8C6B00A64622 /* DyBridege.m in Sources */ = {isa = PBXBuildFile; fileRef = 25C173D11FDE8C6B00A64622 /* DyBridege.m */; };
		25E24FA91FE64CBC003C4EFB /* DyRamps.m in Sources */ = {isa = PBXBuildFile; fileRef = 25E24FA81FE64CBC003C4EFB /* DyRamps.m */; };
		25E24FAC1FE65621003C4EFB /* DyAnimationViewController.m in Sources */ = {isa = PBXBuildFile; fileRef = 25E24FAB1FE65621003C4EFB /* DyAnimationViewController.m */; };
		25E24FAE1FE65735003C4EFB /* 1.jpg in Resources */ = {isa = PBXBuildFile; fileRef = 25E24FAD1FE65735003C4EFB /* 1.jpg */; };
		25E24FB01FE68FBA003C4EFB /* star.png in Resources */ = {isa = PBXBuildFile; fileRef = 25E24FAF1FE68FBA003C4EFB /* star.png */; };
		25F778C71FE36F11006F4C29 /* 01_nebula.mp4 in Resources */ = {isa = PBXBuildFile; fileRef = 25F778BA1FE36F11006F4C29 /* 01_nebula.mp4 */; };
		25F778C81FE36F11006F4C29 /* 03_nebula.mp4 in Resources */ = {isa = PBXBuildFile; fileRef = 25F778BB1FE36F11006F4C29 /* 03_nebula.mp4 */; };
		25F778C91FE36F11006F4C29 /* 04_quasar.mp4 in Resources */ = {isa = PBXBuildFile; fileRef = 25F778BC1FE36F11006F4C29 /* 04_quasar.mp4 */; };
		25F778CA1FE36F11006F4C29 /* 02_blackhole.mp4 in Resources */ = {isa = PBXBuildFile; fileRef = 25F778BD1FE36F11006F4C29 /* 02_blackhole.mp4 */; };
		25F778CB1FE36F11006F4C29 /* 05_blackhole.mp4 in Resources */ = {isa = PBXBuildFile; fileRef = 25F778BE1FE36F11006F4C29 /* 05_blackhole.mp4 */; };
		25F778CC1FE36F11006F4C29 /* 02 Keep Going.m4a in Resources */ = {isa = PBXBuildFile; fileRef = 25F778C11FE36F11006F4C29 /* 02 Keep Going.m4a */; };
		25F778CD1FE36F11006F4C29 /* 01 Star Gazing.m4a in Resources */ = {isa = PBXBuildFile; fileRef = 25F778C21FE36F11006F4C29 /* 01 Star Gazing.m4a */; };
		25F778CE1FE36F11006F4C29 /* John F. Kennedy.m4a in Resources */ = {isa = PBXBuildFile; fileRef = 25F778C41FE36F11006F4C29 /* John F. Kennedy.m4a */; };
		25F778CF1FE36F11006F4C29 /* Carl Sagan.m4a in Resources */ = {isa = PBXBuildFile; fileRef = 25F778C51FE36F11006F4C29 /* Carl Sagan.m4a */; };
		25F778D01FE36F11006F4C29 /* Ronald Reagan.m4a in Resources */ = {isa = PBXBuildFile; fileRef = 25F778C61FE36F11006F4C29 /* Ronald Reagan.m4a */; };
		962DF3C41FC058DD00B46309 /* AppDelegate.swift in Sources */ = {isa = PBXBuildFile; fileRef = 962DF3C31FC058DD00B46309 /* AppDelegate.swift */; };
		962DF3C61FC058DD00B46309 /* ViewController.swift in Sources */ = {isa = PBXBuildFile; fileRef = 962DF3C51FC058DD00B46309 /* ViewController.swift */; };
		962DF3C91FC058DD00B46309 /* Main.storyboard in Resources */ = {isa = PBXBuildFile; fileRef = 962DF3C71FC058DD00B46309 /* Main.storyboard */; };
		962DF3CB1FC058DD00B46309 /* Assets.xcassets in Resources */ = {isa = PBXBuildFile; fileRef = 962DF3CA1FC058DD00B46309 /* Assets.xcassets */; };
		962DF3CE1FC058DD00B46309 /* LaunchScreen.storyboard in Resources */ = {isa = PBXBuildFile; fileRef = 962DF3CC1FC058DD00B46309 /* LaunchScreen.storyboard */; };
/* End PBXBuildFile section */

/* Begin PBXFileReference section */
		2501044B1FDE9E1A0028A985 /* DyAnimation.h */ = {isa = PBXFileReference; lastKnownFileType = sourcecode.c.h; path = DyAnimation.h; sourceTree = "<group>"; };
		2501044C1FDE9E1A0028A985 /* DyAnimation.m */ = {isa = PBXFileReference; lastKnownFileType = sourcecode.c.objc; path = DyAnimation.m; sourceTree = "<group>"; };
		25C173CD1FDE8C1000A64622 /* DyGenerateImage.swift */ = {isa = PBXFileReference; lastKnownFileType = sourcecode.swift; path = DyGenerateImage.swift; sourceTree = "<group>"; };
		25C173CF1FDE8C6A00A64622 /* Dolby-Bridging-Header.h */ = {isa = PBXFileReference; lastKnownFileType = sourcecode.c.h; path = "Dolby-Bridging-Header.h"; sourceTree = "<group>"; };
		25C173D01FDE8C6B00A64622 /* DyBridege.h */ = {isa = PBXFileReference; lastKnownFileType = sourcecode.c.h; path = DyBridege.h; sourceTree = "<group>"; };
		25C173D11FDE8C6B00A64622 /* DyBridege.m */ = {isa = PBXFileReference; lastKnownFileType = sourcecode.c.objc; path = DyBridege.m; sourceTree = "<group>"; };
		25E24FA71FE64CBC003C4EFB /* DyRamps.h */ = {isa = PBXFileReference; lastKnownFileType = sourcecode.c.h; path = DyRamps.h; sourceTree = "<group>"; };
		25E24FA81FE64CBC003C4EFB /* DyRamps.m */ = {isa = PBXFileReference; lastKnownFileType = sourcecode.c.objc; path = DyRamps.m; sourceTree = "<group>"; };
		25E24FAA1FE65621003C4EFB /* DyAnimationViewController.h */ = {isa = PBXFileReference; lastKnownFileType = sourcecode.c.h; path = DyAnimationViewController.h; sourceTree = "<group>"; };
		25E24FAB1FE65621003C4EFB /* DyAnimationViewController.m */ = {isa = PBXFileReference; lastKnownFileType = sourcecode.c.objc; path = DyAnimationViewController.m; sourceTree = "<group>"; };
		25E24FAD1FE65735003C4EFB /* 1.jpg */ = {isa = PBXFileReference; lastKnownFileType = image.jpeg; path = 1.jpg; sourceTree = "<group>"; };
		25E24FAF1FE68FBA003C4EFB /* star.png */ = {isa = PBXFileReference; lastKnownFileType = image.png; path = star.png; sourceTree = "<group>"; };
		25F778BA1FE36F11006F4C29 /* 01_nebula.mp4 */ = {isa = PBXFileReference; lastKnownFileType = file; path = 01_nebula.mp4; sourceTree = "<group>"; };
		25F778BB1FE36F11006F4C29 /* 03_nebula.mp4 */ = {isa = PBXFileReference; lastKnownFileType = file; path = 03_nebula.mp4; sourceTree = "<group>"; };
		25F778BC1FE36F11006F4C29 /* 04_quasar.mp4 */ = {isa = PBXFileReference; lastKnownFileType = file; path = 04_quasar.mp4; sourceTree = "<group>"; };
		25F778BD1FE36F11006F4C29 /* 02_blackhole.mp4 */ = {isa = PBXFileReference; lastKnownFileType = file; path = 02_blackhole.mp4; sourceTree = "<group>"; };
		25F778BE1FE36F11006F4C29 /* 05_blackhole.mp4 */ = {isa = PBXFileReference; lastKnownFileType = file; path = 05_blackhole.mp4; sourceTree = "<group>"; };
		25F778C11FE36F11006F4C29 /* 02 Keep Going.m4a */ = {isa = PBXFileReference; lastKnownFileType = file; path = "02 Keep Going.m4a"; sourceTree = "<group>"; };
		25F778C21FE36F11006F4C29 /* 01 Star Gazing.m4a */ = {isa = PBXFileReference; lastKnownFileType = file; path = "01 Star Gazing.m4a"; sourceTree = "<group>"; };
		25F778C41FE36F11006F4C29 /* John F. Kennedy.m4a */ = {isa = PBXFileReference; lastKnownFileType = file; path = "John F. Kennedy.m4a"; sourceTree = "<group>"; };
		25F778C51FE36F11006F4C29 /* Carl Sagan.m4a */ = {isa = PBXFileReference; lastKnownFileType = file; path = "Carl Sagan.m4a"; sourceTree = "<group>"; };
		25F778C61FE36F11006F4C29 /* Ronald Reagan.m4a */ = {isa = PBXFileReference; lastKnownFileType = file; path = "Ronald Reagan.m4a"; sourceTree = "<group>"; };
		962DF3C01FC058DD00B46309 /* Dolby.app */ = {isa = PBXFileReference; explicitFileType = wrapper.application; includeInIndex = 0; path = Dolby.app; sourceTree = BUILT_PRODUCTS_DIR; };
		962DF3C31FC058DD00B46309 /* AppDelegate.swift */ = {isa = PBXFileReference; lastKnownFileType = sourcecode.swift; path = AppDelegate.swift; sourceTree = "<group>"; };
		962DF3C51FC058DD00B46309 /* ViewController.swift */ = {isa = PBXFileReference; lastKnownFileType = sourcecode.swift; path = ViewController.swift; sourceTree = "<group>"; };
		962DF3C81FC058DD00B46309 /* Base */ = {isa = PBXFileReference; lastKnownFileType = file.storyboard; name = Base; path = Base.lproj/Main.storyboard; sourceTree = "<group>"; };
		962DF3CA1FC058DD00B46309 /* Assets.xcassets */ = {isa = PBXFileReference; lastKnownFileType = folder.assetcatalog; path = Assets.xcassets; sourceTree = "<group>"; };
		962DF3CD1FC058DD00B46309 /* Base */ = {isa = PBXFileReference; lastKnownFileType = file.storyboard; name = Base; path = Base.lproj/LaunchScreen.storyboard; sourceTree = "<group>"; };
		962DF3CF1FC058DD00B46309 /* Info.plist */ = {isa = PBXFileReference; lastKnownFileType = text.plist.xml; path = Info.plist; sourceTree = "<group>"; };
/* End PBXFileReference section */

/* Begin PBXFrameworksBuildPhase section */
		962DF3BD1FC058DC00B46309 /* Frameworks */ = {
			isa = PBXFrameworksBuildPhase;
			buildActionMask = 2147483647;
			files = (
			);
			runOnlyForDeploymentPostprocessing = 0;
		};
/* End PBXFrameworksBuildPhase section */

/* Begin PBXGroup section */
		25C173CC1FDE8B5900A64622 /* EditorTool */ = {
			isa = PBXGroup;
			children = (
				25C173CD1FDE8C1000A64622 /* DyGenerateImage.swift */,
				25C173D01FDE8C6B00A64622 /* DyBridege.h */,
				25C173D11FDE8C6B00A64622 /* DyBridege.m */,
				25C173CF1FDE8C6A00A64622 /* Dolby-Bridging-Header.h */,
				2501044B1FDE9E1A0028A985 /* DyAnimation.h */,
				2501044C1FDE9E1A0028A985 /* DyAnimation.m */,
				25E24FA71FE64CBC003C4EFB /* DyRamps.h */,
				25E24FA81FE64CBC003C4EFB /* DyRamps.m */,
			);
			path = EditorTool;
			sourceTree = "<group>";
		};
		25F778B91FE36F11006F4C29 /* Video */ = {
			isa = PBXGroup;
			children = (
				25F778BA1FE36F11006F4C29 /* 01_nebula.mp4 */,
				25F778BB1FE36F11006F4C29 /* 03_nebula.mp4 */,
				25F778BC1FE36F11006F4C29 /* 04_quasar.mp4 */,
				25F778BD1FE36F11006F4C29 /* 02_blackhole.mp4 */,
				25F778BE1FE36F11006F4C29 /* 05_blackhole.mp4 */,
				25E24FAF1FE68FBA003C4EFB /* star.png */,
				25E24FAD1FE65735003C4EFB /* 1.jpg */,
			);
			path = Video;
			sourceTree = "<group>";
		};
		25F778BF1FE36F11006F4C29 /* Audio */ = {
			isa = PBXGroup;
			children = (
				25F778C01FE36F11006F4C29 /* Music */,
				25F778C31FE36F11006F4C29 /* VoiceOvers */,
			);
			path = Audio;
			sourceTree = "<group>";
		};
		25F778C01FE36F11006F4C29 /* Music */ = {
			isa = PBXGroup;
			children = (
				25F778C11FE36F11006F4C29 /* 02 Keep Going.m4a */,
				25F778C21FE36F11006F4C29 /* 01 Star Gazing.m4a */,
			);
			path = Music;
			sourceTree = "<group>";
		};
		25F778C31FE36F11006F4C29 /* VoiceOvers */ = {
			isa = PBXGroup;
			children = (
				25F778C41FE36F11006F4C29 /* John F. Kennedy.m4a */,
				25F778C51FE36F11006F4C29 /* Carl Sagan.m4a */,
				25F778C61FE36F11006F4C29 /* Ronald Reagan.m4a */,
			);
			path = VoiceOvers;
			sourceTree = "<group>";
		};
		962DF3B71FC058DC00B46309 = {
			isa = PBXGroup;
			children = (
				962DF3C21FC058DD00B46309 /* Dolby */,
				962DF3C11FC058DD00B46309 /* Products */,
			);
			sourceTree = "<group>";
		};
		962DF3C11FC058DD00B46309 /* Products */ = {
			isa = PBXGroup;
			children = (
				962DF3C01FC058DD00B46309 /* Dolby.app */,
			);
			name = Products;
			sourceTree = "<group>";
		};
		962DF3C21FC058DD00B46309 /* Dolby */ = {
			isa = PBXGroup;
			children = (
				25F778BF1FE36F11006F4C29 /* Audio */,
				25F778B91FE36F11006F4C29 /* Video */,
				25C173CC1FDE8B5900A64622 /* EditorTool */,
				962DF3C31FC058DD00B46309 /* AppDelegate.swift */,
				962DF3C51FC058DD00B46309 /* ViewController.swift */,
				25E24FAA1FE65621003C4EFB /* DyAnimationViewController.h */,
				25E24FAB1FE65621003C4EFB /* DyAnimationViewController.m */,
				962DF3C71FC058DD00B46309 /* Main.storyboard */,
				962DF3CA1FC058DD00B46309 /* Assets.xcassets */,
				962DF3CC1FC058DD00B46309 /* LaunchScreen.storyboard */,
				962DF3CF1FC058DD00B46309 /* Info.plist */,
			);
			path = Dolby;
			sourceTree = "<group>";
		};
/* End PBXGroup section */

/* Begin PBXNativeTarget section */
		962DF3BF1FC058DC00B46309 /* Dolby */ = {
			isa = PBXNativeTarget;
			buildConfigurationList = 962DF3D21FC058DD00B46309 /* Build configuration list for PBXNativeTarget "Dolby" */;
			buildPhases = (
				962DF3BC1FC058DC00B46309 /* Sources */,
				962DF3BD1FC058DC00B46309 /* Frameworks */,
				962DF3BE1FC058DC00B46309 /* Resources */,
			);
			buildRules = (
			);
			dependencies = (
			);
			name = Dolby;
			productName = Dolby;
			productReference = 962DF3C01FC058DD00B46309 /* Dolby.app */;
			productType = "com.apple.product-type.application";
		};
/* End PBXNativeTarget section */

/* Begin PBXProject section */
		962DF3B81FC058DC00B46309 /* Project object */ = {
			isa = PBXProject;
			attributes = {
				CLASSPREFIX = Dy;
				LastSwiftUpdateCheck = 0910;
				LastUpgradeCheck = 0910;
				ORGANIZATIONNAME = "王腾飞";
				TargetAttributes = {
					962DF3BF1FC058DC00B46309 = {
						CreatedOnToolsVersion = 9.1;
						LastSwiftMigration = 0920;
						ProvisioningStyle = Automatic;
					};
				};
			};
			buildConfigurationList = 962DF3BB1FC058DC00B46309 /* Build configuration list for PBXProject "Dolby" */;
			compatibilityVersion = "Xcode 8.0";
			developmentRegion = en;
			hasScannedForEncodings = 0;
			knownRegions = (
				en,
				Base,
			);
			mainGroup = 962DF3B71FC058DC00B46309;
			productRefGroup = 962DF3C11FC058DD00B46309 /* Products */;
			projectDirPath = "";
			projectRoot = "";
			targets = (
				962DF3BF1FC058DC00B46309 /* Dolby */,
			);
		};
/* End PBXProject section */

/* Begin PBXResourcesBuildPhase section */
		962DF3BE1FC058DC00B46309 /* Resources */ = {
			isa = PBXResourcesBuildPhase;
			buildActionMask = 2147483647;
			files = (
				25F778CE1FE36F11006F4C29 /* John F. Kennedy.m4a in Resources */,
				25F778CB1FE36F11006F4C29 /* 05_blackhole.mp4 in Resources */,
				25F778CD1FE36F11006F4C29 /* 01 Star Gazing.m4a in Resources */,
				25E24FAE1FE65735003C4EFB /* 1.jpg in Resources */,
				962DF3CE1FC058DD00B46309 /* LaunchScreen.storyboard in Resources */,
				25F778CA1FE36F11006F4C29 /* 02_blackhole.mp4 in Resources */,
				25F778CC1FE36F11006F4C29 /* 02 Keep Going.m4a in Resources */,
				25F778C81FE36F11006F4C29 /* 03_nebula.mp4 in Resources */,
				962DF3CB1FC058DD00B46309 /* Assets.xcassets in Resources */,
				962DF3C91FC058DD00B46309 /* Main.storyboard in Resources */,
				25F778C91FE36F11006F4C29 /* 04_quasar.mp4 in Resources */,
				25E24FB01FE68FBA003C4EFB /* star.png in Resources */,
				25F778CF1FE36F11006F4C29 /* Carl Sagan.m4a in Resources */,
				25F778C71FE36F11006F4C29 /* 01_nebula.mp4 in Resources */,
				25F778D01FE36F11006F4C29 /* Ronald Reagan.m4a in Resources */,
			);
			runOnlyForDeploymentPostprocessing = 0;
		};
/* End PBXResourcesBuildPhase section */

/* Begin PBXSourcesBuildPhase section */
		962DF3BC1FC058DC00B46309 /* Sources */ = {
			isa = PBXSourcesBuildPhase;
			buildActionMask = 2147483647;
			files = (
				962DF3C61FC058DD00B46309 /* ViewController.swift in Sources */,
				25C173D21FDE8C6B00A64622 /* DyBridege.m in Sources */,
				25E24FA91FE64CBC003C4EFB /* DyRamps.m in Sources */,
				962DF3C41FC058DD00B46309 /* AppDelegate.swift in Sources */,
				25E24FAC1FE65621003C4EFB /* DyAnimationViewController.m in Sources */,
				2501044D1FDE9E1A0028A985 /* DyAnimation.m in Sources */,
				25C173CE1FDE8C1000A64622 /* DyGenerateImage.swift in Sources */,
			);
			runOnlyForDeploymentPostprocessing = 0;
		};
/* End PBXSourcesBuildPhase section */

/* Begin PBXVariantGroup section */
		962DF3C71FC058DD00B46309 /* Main.storyboard */ = {
			isa = PBXVariantGroup;
			children = (
				962DF3C81FC058DD00B46309 /* Base */,
			);
			name = Main.storyboard;
			sourceTree = "<group>";
		};
		962DF3CC1FC058DD00B46309 /* LaunchScreen.storyboard */ = {
			isa = PBXVariantGroup;
			children = (
				962DF3CD1FC058DD00B46309 /* Base */,
			);
			name = LaunchScreen.storyboard;
			sourceTree = "<group>";
		};
/* End PBXVariantGroup section */

/* Begin XCBuildConfiguration section */
		962DF3D01FC058DD00B46309 /* Debug */ = {
			isa = XCBuildConfiguration;
			buildSettings = {
				ALWAYS_SEARCH_USER_PATHS = NO;
				CLANG_ANALYZER_NONNULL = YES;
				CLANG_ANALYZER_NUMBER_OBJECT_CONVERSION = YES_AGGRESSIVE;
				CLANG_CXX_LANGUAGE_STANDARD = "gnu++14";
				CLANG_CXX_LIBRARY = "libc++";
				CLANG_ENABLE_MODULES = YES;
				CLANG_ENABLE_OBJC_ARC = YES;
				CLANG_WARN_BLOCK_CAPTURE_AUTORELEASING = YES;
				CLANG_WARN_BOOL_CONVERSION = YES;
				CLANG_WARN_COMMA = YES;
				CLANG_WARN_CONSTANT_CONVERSION = YES;
				CLANG_WARN_DIRECT_OBJC_ISA_USAGE = YES_ERROR;
				CLANG_WARN_DOCUMENTATION_COMMENTS = YES;
				CLANG_WARN_EMPTY_BODY = YES;
				CLANG_WARN_ENUM_CONVERSION = YES;
				CLANG_WARN_INFINITE_RECURSION = YES;
				CLANG_WARN_INT_CONVERSION = YES;
				CLANG_WARN_NON_LITERAL_NULL_CONVERSION = YES;
				CLANG_WARN_OBJC_LITERAL_CONVERSION = YES;
				CLANG_WARN_OBJC_ROOT_CLASS = YES_ERROR;
				CLANG_WARN_RANGE_LOOP_ANALYSIS = YES;
				CLANG_WARN_STRICT_PROTOTYPES = YES;
				CLANG_WARN_SUSPICIOUS_MOVE = YES;
				CLANG_WARN_UNGUARDED_AVAILABILITY = YES_AGGRESSIVE;
				CLANG_WARN_UNREACHABLE_CODE = YES;
				CLANG_WARN__DUPLICATE_METHOD_MATCH = YES;
				CODE_SIGN_IDENTITY = "iPhone Developer";
				COPY_PHASE_STRIP = NO;
				DEBUG_INFORMATION_FORMAT = dwarf;
				ENABLE_STRICT_OBJC_MSGSEND = YES;
				ENABLE_TESTABILITY = YES;
				GCC_C_LANGUAGE_STANDARD = gnu11;
				GCC_DYNAMIC_NO_PIC = NO;
				GCC_NO_COMMON_BLOCKS = YES;
				GCC_OPTIMIZATION_LEVEL = 0;
				GCC_PREPROCESSOR_DEFINITIONS = (
					"DEBUG=1",
					"$(inherited)",
				);
				GCC_WARN_64_TO_32_BIT_CONVERSION = YES;
				GCC_WARN_ABOUT_RETURN_TYPE = YES_ERROR;
				GCC_WARN_UNDECLARED_SELECTOR = YES;
				GCC_WARN_UNINITIALIZED_AUTOS = YES_AGGRESSIVE;
				GCC_WARN_UNUSED_FUNCTION = YES;
				GCC_WARN_UNUSED_VARIABLE = YES;
				IPHONEOS_DEPLOYMENT_TARGET = 11.1;
				MTL_ENABLE_DEBUG_INFO = YES;
				ONLY_ACTIVE_ARCH = YES;
				SDKROOT = iphoneos;
				SWIFT_ACTIVE_COMPILATION_CONDITIONS = DEBUG;
				SWIFT_OPTIMIZATION_LEVEL = "-Onone";
			};
			name = Debug;
		};
		962DF3D11FC058DD00B46309 /* Release */ = {
			isa = XCBuildConfiguration;
			buildSettings = {
				ALWAYS_SEARCH_USER_PATHS = NO;
				CLANG_ANALYZER_NONNULL = YES;
				CLANG_ANALYZER_NUMBER_OBJECT_CONVERSION = YES_AGGRESSIVE;
				CLANG_CXX_LANGUAGE_STANDARD = "gnu++14";
				CLANG_CXX_LIBRARY = "libc++";
				CLANG_ENABLE_MODULES = YES;
				CLANG_ENABLE_OBJC_ARC = YES;
				CLANG_WARN_BLOCK_CAPTURE_AUTORELEASING = YES;
				CLANG_WARN_BOOL_CONVERSION = YES;
				CLANG_WARN_COMMA = YES;
				CLANG_WARN_CONSTANT_CONVERSION = YES;
				CLANG_WARN_DIRECT_OBJC_ISA_USAGE = YES_ERROR;
				CLANG_WARN_DOCUMENTATION_COMMENTS = YES;
				CLANG_WARN_EMPTY_BODY = YES;
				CLANG_WARN_ENUM_CONVERSION = YES;
				CLANG_WARN_INFINITE_RECURSION = YES;
				CLANG_WARN_INT_CONVERSION = YES;
				CLANG_WARN_NON_LITERAL_NULL_CONVERSION = YES;
				CLANG_WARN_OBJC_LITERAL_CONVERSION = YES;
				CLANG_WARN_OBJC_ROOT_CLASS = YES_ERROR;
				CLANG_WARN_RANGE_LOOP_ANALYSIS = YES;
				CLANG_WARN_STRICT_PROTOTYPES = YES;
				CLANG_WARN_SUSPICIOUS_MOVE = YES;
				CLANG_WARN_UNGUARDED_AVAILABILITY = YES_AGGRESSIVE;
				CLANG_WARN_UNREACHABLE_CODE = YES;
				CLANG_WARN__DUPLICATE_METHOD_MATCH = YES;
				CODE_SIGN_IDENTITY = "iPhone Developer";
				COPY_PHASE_STRIP = NO;
				DEBUG_INFORMATION_FORMAT = "dwarf-with-dsym";
				ENABLE_NS_ASSERTIONS = NO;
				ENABLE_STRICT_OBJC_MSGSEND = YES;
				GCC_C_LANGUAGE_STANDARD = gnu11;
				GCC_NO_COMMON_BLOCKS = YES;
				GCC_WARN_64_TO_32_BIT_CONVERSION = YES;
				GCC_WARN_ABOUT_RETURN_TYPE = YES_ERROR;
				GCC_WARN_UNDECLARED_SELECTOR = YES;
				GCC_WARN_UNINITIALIZED_AUTOS = YES_AGGRESSIVE;
				GCC_WARN_UNUSED_FUNCTION = YES;
				GCC_WARN_UNUSED_VARIABLE = YES;
				IPHONEOS_DEPLOYMENT_TARGET = 11.1;
				MTL_ENABLE_DEBUG_INFO = NO;
				SDKROOT = iphoneos;
				SWIFT_OPTIMIZATION_LEVEL = "-Owholemodule";
				VALIDATE_PRODUCT = YES;
			};
			name = Release;
		};
		962DF3D31FC058DD00B46309 /* Debug */ = {
			isa = XCBuildConfiguration;
			buildSettings = {
				ASSETCATALOG_COMPILER_APPICON_NAME = AppIcon;
				CLANG_ENABLE_MODULES = YES;
				CODE_SIGN_STYLE = Automatic;
				DEVELOPMENT_TEAM = 755C599725;
				INFOPLIST_FILE = Dolby/Info.plist;
				IPHONEOS_DEPLOYMENT_TARGET = 8.0;
				LD_RUNPATH_SEARCH_PATHS = "$(inherited) @executable_path/Frameworks";
				PRODUCT_BUNDLE_IDENTIFIER = com.uubee.sirbaylor;
				PRODUCT_NAME = "$(TARGET_NAME)";
				SWIFT_OBJC_BRIDGING_HEADER = "Dolby/EditorTool/Dolby-Bridging-Header.h";
				SWIFT_OPTIMIZATION_LEVEL = "-Onone";
				SWIFT_VERSION = 4.0;
				TARGETED_DEVICE_FAMILY = "1,2";
			};
			name = Debug;
		};
		962DF3D41FC058DD00B46309 /* Release */ = {
			isa = XCBuildConfiguration;
			buildSettings = {
				ASSETCATALOG_COMPILER_APPICON_NAME = AppIcon;
				CLANG_ENABLE_MODULES = YES;
				CODE_SIGN_STYLE = Automatic;
				DEVELOPMENT_TEAM = 755C599725;
				INFOPLIST_FILE = Dolby/Info.plist;
				IPHONEOS_DEPLOYMENT_TARGET = 8.0;
				LD_RUNPATH_SEARCH_PATHS = "$(inherited) @executable_path/Frameworks";
				PRODUCT_BUNDLE_IDENTIFIER = com.uubee.sirbaylor;
				PRODUCT_NAME = "$(TARGET_NAME)";
				SWIFT_OBJC_BRIDGING_HEADER = "Dolby/EditorTool/Dolby-Bridging-Header.h";
				SWIFT_VERSION = 4.0;
				TARGETED_DEVICE_FAMILY = "1,2";
			};
			name = Release;
		};
/* End XCBuildConfiguration section */

/* Begin XCConfigurationList section */
		962DF3BB1FC058DC00B46309 /* Build configuration list for PBXProject "Dolby" */ = {
			isa = XCConfigurationList;
			buildConfigurations = (
				962DF3D01FC058DD00B46309 /* Debug */,
				962DF3D11FC058DD00B46309 /* Release */,
			);
			defaultConfigurationIsVisible = 0;
			defaultConfigurationName = Release;
		};
		962DF3D21FC058DD00B46309 /* Build configuration list for PBXNativeTarget "Dolby" */ = {
			isa = XCConfigurationList;
			buildConfigurations = (
				962DF3D31FC058DD00B46309 /* Debug */,
				962DF3D41FC058DD00B46309 /* Release */,
			);
			defaultConfigurationIsVisible = 0;
			defaultConfigurationName = Release;
		};
/* End XCConfigurationList section */
	};
	rootObject = 962DF3B81FC058DC00B46309 /* Project object */;
}
